
Microsoft Visual Studio Solution File, Format Version 12.00
# Visual Studio Version 17
VisualStudioVersion = 17.9.34728.123
MinimumVisualStudioVersion = 10.0.40219.1
Project("{FAE04EC0-301F-11D3-BF4B-00C04F79EFBC}") = "WinApp_thread_test", "WinApp_thread_test\WinApp_thread_test.csproj", "{2FA10E47-67F2-4E9A-A1CC-048517525D04}"
EndProject
Project("{FAE04EC0-301F-11D3-BF4B-00C04F79EFBC}") = "ThreadTestLibrary", "ThreadTestLibrary\ThreadTestLibrary.csproj", "{604BBD97-CA0B-430F-A059-BC3861B936CA}"
EndProject
Global
	GlobalSection(SolutionConfigurationPlatforms) = preSolution
		Debug|Any CPU = Debug|Any CPU
		Release|Any CPU = Release|Any CPU
	EndGlobalSection
	GlobalSection(ProjectConfigurationPlatforms) = postSolution
		{2FA10E47-67F2-4E9A-A1CC-048517525D04}.Debug|Any CPU.ActiveCfg = Debug|Any CPU
		{2FA10E47-67F2-4E9A-A1CC-048517525D04}.Debug|Any CPU.Build.0 = Debug|Any CPU
		{2FA10E47-67F2-4E9A-A1CC-048517525D04}.Release|Any CPU.ActiveCfg = Release|Any CPU
		{2FA10E47-67F2-4E9A-A1CC-048517525D04}.Release|Any CPU.Build.0 = Release|Any CPU
		{604BBD97-CA0B-430F-A059-BC3861B936CA}.Debug|Any CPU.ActiveCfg = Debug|Any CPU
		{604BBD97-CA0B-430F-A059-BC3861B936CA}.Debug|Any CPU.Build.0 = Debug|Any CPU
		{604BBD97-CA0B-430F-A059-BC3861B936CA}.Release|Any CPU.ActiveCfg = Release|Any CPU
		{604BBD97-CA0B-430F-A059-BC3861B936CA}.Release|Any CPU.Build.0 = Release|Any CPU
	EndGlobalSection
	GlobalSection(SolutionProperties) = preSolution
		HideSolutionNode = FALSE
	EndGlobalSection
	GlobalSection(ExtensibilityGlobals) = postSolution
		SolutionGuid = {28F89B68-1229-4433-9CE1-97D34E30DE8C}
	EndGlobalSection
EndGlobal
